Microsoft Visual Studio Solution File, Format Version 12.00
# Visual Studio Version 17
VisualStudioVersion = 17.5.2.0
MinimumVisualStudioVersion = 10.0.40219.1
Project("{FAE04EC0-301F-11D3-BF4B-00C04F79EFBC}") = "MabatSupportSystem", "MabatSupportSystem.csproj", "{BA4C08F4-9A18-A6D0-7873-DF19F1F401F0}"
EndProject
Global
	GlobalSection(SolutionConfigurationPlatforms) = preSolution
		Debug|Any CPU = Debug|Any CPU
		Release|Any CPU = Release|Any CPU
	EndGlobalSection
	GlobalSection(ProjectConfigurationPlatforms) = postSolution
		{BA4C08F4-9A18-A6D0-7873-DF19F1F401F0}.Debug|Any CPU.ActiveCfg = Debug|Any CPU
		{BA4C08F4-9A18-A6D0-7873-DF19F1F401F0}.Debug|Any CPU.Build.0 = Debug|Any CPU
		{BA4C08F4-9A18-A6D0-7873-DF19F1F401F0}.Release|Any CPU.ActiveCfg = Release|Any CPU
		{BA4C08F4-9A18-A6D0-7873-DF19F1F401F0}.Release|Any CPU.Build.0 = Release|Any CPU
	EndGlobalSection
	GlobalSection(SolutionProperties) = preSolution
		HideSolutionNode = FALSE
	EndGlobalSection
	GlobalSection(ExtensibilityGlobals) = postSolution
		SolutionGuid = {F91D585E-742A-433C-BDFE-8085A9F8E9FD}
	EndGlobalSection
EndGlobal
